
Microsoft Visual Studio Solution File, Format Version 12.00
# Visual Studio 15
VisualStudioVersion = 15.0.28307.572
MinimumVisualStudioVersion = 10.0.40219.1
Project("{9A19103F-16F7-4668-BE54-9A1E7A4F7556}") = "QuickBuy.Web", "QuickBuy.Web\QuickBuy.Web.csproj", "{4B5E8421-51BE-4E0F-859C-8FC2A6187976}"
EndProject
Project("{FAE04EC0-301F-11D3-BF4B-00C04F79EFBC}") = "QuickBuy.Dominio", "QuickBuy.Dominio\QuickBuy.Dominio.csproj", "{9CE75633-5DC9-493E-A3FC-F11DDC1AD9E8}"
EndProject
Project("{FAE04EC0-301F-11D3-BF4B-00C04F79EFBC}") = "QuickBuy.Repositorio", "QuickBuy.Repositorio\QuickBuy.Repositorio.csproj", "{1FFB3E28-BF89-469C-A256-DE1449095F3E}"
EndProject
Global
	GlobalSection(SolutionConfigurationPlatforms) = preSolution
		Debug|Any CPU = Debug|Any CPU
		Release|Any CPU = Release|Any CPU
	EndGlobalSection
	GlobalSection(ProjectConfigurationPlatforms) = postSolution
		{4B5E8421-51BE-4E0F-859C-8FC2A6187976}.Debug|Any CPU.ActiveCfg = Debug|Any CPU
		{4B5E8421-51BE-4E0F-859C-8FC2A6187976}.Debug|Any CPU.Build.0 = Debug|Any CPU
		{4B5E8421-51BE-4E0F-859C-8FC2A6187976}.Release|Any CPU.ActiveCfg = Release|Any CPU
		{4B5E8421-51BE-4E0F-859C-8FC2A6187976}.Release|Any CPU.Build.0 = Release|Any CPU
		{9CE75633-5DC9-493E-A3FC-F11DDC1AD9E8}.Debug|Any CPU.ActiveCfg = Debug|Any CPU
		{9CE75633-5DC9-493E-A3FC-F11DDC1AD9E8}.Debug|Any CPU.Build.0 = Debug|Any CPU
		{9CE75633-5DC9-493E-A3FC-F11DDC1AD9E8}.Release|Any CPU.ActiveCfg = Release|Any CPU
		{9CE75633-5DC9-493E-A3FC-F11DDC1AD9E8}.Release|Any CPU.Build.0 = Release|Any CPU
		{1FFB3E28-BF89-469C-A256-DE1449095F3E}.Debug|Any CPU.ActiveCfg = Debug|Any CPU
		{1FFB3E28-BF89-469C-A256-DE1449095F3E}.Debug|Any CPU.Build.0 = Debug|Any CPU
		{1FFB3E28-BF89-469C-A256-DE1449095F3E}.Release|Any CPU.ActiveCfg = Release|Any CPU
		{1FFB3E28-BF89-469C-A256-DE1449095F3E}.Release|Any CPU.Build.0 = Release|Any CPU
	EndGlobalSection
	GlobalSection(SolutionProperties) = preSolution
		HideSolutionNode = FALSE
	EndGlobalSection
	GlobalSection(ExtensibilityGlobals) = postSolution
		SolutionGuid = {6EAAED1A-ED8F-485C-AC2E-8C83E84DB495}
	EndGlobalSection
EndGlobal
